github.com/grammaton76/g76golib/slogger v0.0.0-20220819094954-195573b641dc h1:a3hMlijQnsXI37fB3kxLsoWyXeVY3dPjYCb30f+K/V0=
github.com/grammaton76/g76golib/slogger v0.0.0-20220819094954-195573b641dc/go.mod h1:GY2a9DYVb/WCRIu5yPEcAo9Zcna0vIK6f74PSVfBBRc=
github.com/kardianos/osext v0.0.0-20190222173326-2bc1f35cddc0 h1:iQTw/8FWTuc7uiaSepXwyf3o52HaUYcV+Tu66S3F5GA=
github.com/kardianos/osext v0.0.0-20190222173326-2bc1f35cddc0/go.mod h1:1NbS8ALrpOvjt0rHPNLyCIeMtbizbir8U//inJ+zuB8=
