github.com/grammaton76/g76golib v0.0.0-20220819080740-2f2d8de3c02e h1:1GBwlNtjhVEAGJaDwb5Z3vTaZEPrDovk8Pd+lW4QE+M=
github.com/grammaton76/g76golib v0.0.0-20220819080740-2f2d8de3c02e/go.mod h1:BPy4iBu+3anskPewJmBuoOw/KYJMtLFwwprSkyCtUsg=
github.com/kardianos/osext v0.0.0-20190222173326-2bc1f35cddc0 h1:iQTw/8FWTuc7uiaSepXwyf3o52HaUYcV+Tu66S3F5GA=
github.com/kardianos/osext v0.0.0-20190222173326-2bc1f35cddc0/go.mod h1:1NbS8ALrpOvjt0rHPNLyCIeMtbizbir8U//inJ+zuB8=
